# THIS IS AN AUTOGENERATED FILE. DO NOT EDIT THIS FILE DIRECTLY.
# yarn lockfile v1


lodash@^4.17.11:
  version "4.17.21"
  resolved "https://registry.yarnpkg.com/lodash/-/lodash-4.17.21.tgz#679591c564c3bffaae8454cf0b3df370c3d6911c"

synaptic@^1.1.4:
  version "1.1.4"
  resolved "https://registry.yarnpkg.com/synaptic/-/synaptic-1.1.4.tgz#b058163e2e86a3f86fc964ab792496c0642c13d7"
